# This file was autogenerated by Stack.
# You should not edit this file by hand.
# For more information, please see the documentation at:
#   https://docs.haskellstack.org/en/stable/lock_files

packages:
- completed:
    commit: 2365dd816915548833b453c3d53f3addedbb3f16
    git: https://github.com/remeike/fn-monadic
    name: fn-monadic
    pantry-tree:
      sha256: 64d44d4dc7d225fab6c755049cc5a3629a5d9b9d90e10ca2f60f5c4ed4c3e09f
      size: 550
    subdir: fn-monadic
    version: 0.1.0.0
  original:
    commit: 2365dd816915548833b453c3d53f3addedbb3f16
    git: https://github.com/remeike/fn-monadic
    subdir: fn-monadic
- completed:
    commit: ba78d160e86f41bd1f029e039f58b1456006663f
    git: https://github.com/remeike/tk
    name: tk
    pantry-tree:
      sha256: c90145060c56d4c5673a7e3315254fbe0066e4770206a1490ab895ac79b71db4
      size: 2474
    version: 0.3.4
  original:
    commit: ba78d160e86f41bd1f029e039f58b1456006663f
    git: https://github.com/remeike/tk
snapshots:
- completed:
    sha256: 5a59b2a405b3aba3c00188453be172b85893cab8ebc352b1ef58b0eae5d248a2
    size: 650475
    url: https://raw.githubusercontent.com/commercialhaskell/stackage-snapshots/master/lts/20/26.yaml
  original: lts-20.26
